
Microsoft Visual Studio Solution File, Format Version 12.00
# Visual Studio 15
VisualStudioVersion = 15.0.28307.705
MinimumVisualStudioVersion = 10.0.40219.1
Project("{8BC9CEB8-8B4A-11D0-8D11-00A0C91BC942}") = "pattern", "pattern\Pattern.vcxproj", "{B261CDCC-615A-44CB-BB9D-2386C0CF9B94}"
EndProject
Project("{8BC9CEB8-8B4A-11D0-8D11-00A0C91BC942}") = "driver", "driver\driver.vcxproj", "{000621A9-941E-4BCA-9A92-F9436FC57775}"
EndProject
Project("{8BC9CEB8-8B4A-11D0-8D11-00A0C91BC942}") = "cruise", "cruise\cruise.vcxproj", "{378F83B3-E126-443A-BCB4-37A6DF8EB3D3}"
	ProjectSection(ProjectDependencies) = postProject
		{4179B846-4FA1-4661-8A7F-CC73D3137C4F} = {4179B846-4FA1-4661-8A7F-CC73D3137C4F}
		{73B78868-FE28-4352-9A83-597BCDF17DF8} = {73B78868-FE28-4352-9A83-597BCDF17DF8}
		{000621A9-941E-4BCA-9A92-F9436FC57775} = {000621A9-941E-4BCA-9A92-F9436FC57775}
		{B261CDCC-615A-44CB-BB9D-2386C0CF9B94} = {B261CDCC-615A-44CB-BB9D-2386C0CF9B94}
		{D3BAAFDA-2186-486E-9997-02D3871C7494} = {D3BAAFDA-2186-486E-9997-02D3871C7494}
	EndProjectSection
EndProject
Project("{8BC9CEB8-8B4A-11D0-8D11-00A0C91BC942}") = "libgo", "libgo\libgo.vcxproj", "{4179B846-4FA1-4661-8A7F-CC73D3137C4F}"
EndProject
Project("{8BC9CEB8-8B4A-11D0-8D11-00A0C91BC942}") = "asmdecrypt", "asmdecrypt\asmdecrypt.vcxproj", "{D3BAAFDA-2186-486E-9997-02D3871C7494}"
EndProject
Project("{8BC9CEB8-8B4A-11D0-8D11-00A0C91BC942}") = "graphics", "graphics\graphics.vcxproj", "{73B78868-FE28-4352-9A83-597BCDF17DF8}"
EndProject
Project("{8BC9CEB8-8B4A-11D0-8D11-00A0C91BC942}") = "compass", "compass\compass.vcxproj", "{702B8243-483E-4099-8039-BBA502073689}"
	ProjectSection(ProjectDependencies) = postProject
		{51DAC24F-D570-40D7-A123-10A8E802FF5D} = {51DAC24F-D570-40D7-A123-10A8E802FF5D}
		{73B78868-FE28-4352-9A83-597BCDF17DF8} = {73B78868-FE28-4352-9A83-597BCDF17DF8}
		{000621A9-941E-4BCA-9A92-F9436FC57775} = {000621A9-941E-4BCA-9A92-F9436FC57775}
		{B261CDCC-615A-44CB-BB9D-2386C0CF9B94} = {B261CDCC-615A-44CB-BB9D-2386C0CF9B94}
		{D3BAAFDA-2186-486E-9997-02D3871C7494} = {D3BAAFDA-2186-486E-9997-02D3871C7494}
	EndProjectSection
EndProject
Project("{8BC9CEB8-8B4A-11D0-8D11-00A0C91BC942}") = "game", "game\game.vcxproj", "{51DAC24F-D570-40D7-A123-10A8E802FF5D}"
EndProject
Project("{8BC9CEB8-8B4A-11D0-8D11-00A0C91BC942}") = "sentry", "sentry\sentry.vcxproj", "{A2CDE53A-B248-4DAD-8788-24EAC4A436FB}"
EndProject
Global
	GlobalSection(SolutionConfigurationPlatforms) = preSolution
		Debug|x64 = Debug|x64
		Release|x64 = Release|x64
	EndGlobalSection
	GlobalSection(ProjectConfigurationPlatforms) = postSolution
		{B261CDCC-615A-44CB-BB9D-2386C0CF9B94}.Debug|x64.ActiveCfg = Debug|x64
		{B261CDCC-615A-44CB-BB9D-2386C0CF9B94}.Debug|x64.Build.0 = Debug|x64
		{B261CDCC-615A-44CB-BB9D-2386C0CF9B94}.Release|x64.ActiveCfg = Release|x64
		{B261CDCC-615A-44CB-BB9D-2386C0CF9B94}.Release|x64.Build.0 = Release|x64
		{000621A9-941E-4BCA-9A92-F9436FC57775}.Debug|x64.ActiveCfg = Debug|x64
		{000621A9-941E-4BCA-9A92-F9436FC57775}.Debug|x64.Build.0 = Debug|x64
		{000621A9-941E-4BCA-9A92-F9436FC57775}.Release|x64.ActiveCfg = Release|x64
		{000621A9-941E-4BCA-9A92-F9436FC57775}.Release|x64.Build.0 = Release|x64
		{378F83B3-E126-443A-BCB4-37A6DF8EB3D3}.Debug|x64.ActiveCfg = Debug|x64
		{378F83B3-E126-443A-BCB4-37A6DF8EB3D3}.Debug|x64.Build.0 = Debug|x64
		{378F83B3-E126-443A-BCB4-37A6DF8EB3D3}.Release|x64.ActiveCfg = Release|x64
		{378F83B3-E126-443A-BCB4-37A6DF8EB3D3}.Release|x64.Build.0 = Release|x64
		{4179B846-4FA1-4661-8A7F-CC73D3137C4F}.Debug|x64.ActiveCfg = Debug|x64
		{4179B846-4FA1-4661-8A7F-CC73D3137C4F}.Debug|x64.Build.0 = Debug|x64
		{4179B846-4FA1-4661-8A7F-CC73D3137C4F}.Release|x64.ActiveCfg = Release|x64
		{4179B846-4FA1-4661-8A7F-CC73D3137C4F}.Release|x64.Build.0 = Release|x64
		{D3BAAFDA-2186-486E-9997-02D3871C7494}.Debug|x64.ActiveCfg = Debug|x64
		{D3BAAFDA-2186-486E-9997-02D3871C7494}.Debug|x64.Build.0 = Debug|x64
		{D3BAAFDA-2186-486E-9997-02D3871C7494}.Release|x64.ActiveCfg = Release|x64
		{D3BAAFDA-2186-486E-9997-02D3871C7494}.Release|x64.Build.0 = Release|x64
		{73B78868-FE28-4352-9A83-597BCDF17DF8}.Debug|x64.ActiveCfg = Debug|x64
		{73B78868-FE28-4352-9A83-597BCDF17DF8}.Debug|x64.Build.0 = Debug|x64
		{73B78868-FE28-4352-9A83-597BCDF17DF8}.Release|x64.ActiveCfg = Release|x64
		{73B78868-FE28-4352-9A83-597BCDF17DF8}.Release|x64.Build.0 = Release|x64
		{702B8243-483E-4099-8039-BBA502073689}.Debug|x64.ActiveCfg = Debug|x64
		{702B8243-483E-4099-8039-BBA502073689}.Debug|x64.Build.0 = Debug|x64
		{702B8243-483E-4099-8039-BBA502073689}.Release|x64.ActiveCfg = Release|x64
		{702B8243-483E-4099-8039-BBA502073689}.Release|x64.Build.0 = Release|x64
		{51DAC24F-D570-40D7-A123-10A8E802FF5D}.Debug|x64.ActiveCfg = Debug|x64
		{51DAC24F-D570-40D7-A123-10A8E802FF5D}.Debug|x64.Build.0 = Debug|x64
		{51DAC24F-D570-40D7-A123-10A8E802FF5D}.Release|x64.ActiveCfg = Release|x64
		{51DAC24F-D570-40D7-A123-10A8E802FF5D}.Release|x64.Build.0 = Release|x64
		{A2CDE53A-B248-4DAD-8788-24EAC4A436FB}.Debug|x64.ActiveCfg = Debug|x64
		{A2CDE53A-B248-4DAD-8788-24EAC4A436FB}.Debug|x64.Build.0 = Debug|x64
		{A2CDE53A-B248-4DAD-8788-24EAC4A436FB}.Release|x64.ActiveCfg = Release|x64
		{A2CDE53A-B248-4DAD-8788-24EAC4A436FB}.Release|x64.Build.0 = Release|x64
	EndGlobalSection
	GlobalSection(SolutionProperties) = preSolution
		HideSolutionNode = FALSE
	EndGlobalSection
	GlobalSection(ExtensibilityGlobals) = postSolution
		SolutionGuid = {B7A46FC0-A00E-4417-B956-800C0B039BFE}
	EndGlobalSection
EndGlobal
