<?xml version="1.0" encoding="utf-8"?>
<Project ToolsVersion="4.0" xmlns="http://schemas.microsoft.com/developer/msbuild/2003">
  <ItemGroup>
    <Filter Include="源文件">
      <UniqueIdentifier>{4FC737F1-C7A5-4376-A066-2A32D752A2FF}</UniqueIdentifier>
      <Extensions>cpp;c;cc;cxx;def;odl;idl;hpj;bat;asm;asmx</Extensions>
    </Filter>
    <Filter Include="头文件">
      <UniqueIdentifier>{93995380-89BD-4b04-88EB-625FBE52EBFB}</UniqueIdentifier>
      <Extensions>h;hh;hpp;hxx;hm;inl;inc;ipp;xsd</Extensions>
    </Filter>
    <Filter Include="资源文件">
      <UniqueIdentifier>{67DA6AB6-F800-4c08-8B7A-83BB121AAD01}</UniqueIdentifier>
      <Extensions>rc;ico;cur;bmp;dlg;rc2;rct;bin;rgs;gif;jpg;jpeg;jpe;resx;tiff;tif;png;wav;mfcribbon-ms</Extensions>
    </Filter>
  </ItemGroup>
  <ItemGroup>
    <ClCompile Include="libgo\cls\co_local_storage.cpp">
      <Filter>源文件</Filter>
    </ClCompile>
    <ClCompile Include="libgo\common\config.cpp">
      <Filter>源文件</Filter>
    </ClCompile>
    <ClCompile Include="libgo\common\error.cpp">
      <Filter>源文件</Filter>
    </ClCompile>
    <ClCompile Include="libgo\context\fcontext.cpp">
      <Filter>源文件</Filter>
    </ClCompile>
    <ClCompile Include="libgo\debug\debugger.cpp">
      <Filter>源文件</Filter>
    </ClCompile>
    <ClCompile Include="libgo\defer\defer.cpp">
      <Filter>源文件</Filter>
    </ClCompile>
    <ClCompile Include="libgo\netio\windows\xhook\xhook.cpp">
      <Filter>源文件</Filter>
    </ClCompile>
    <ClCompile Include="libgo\netio\windows\reactor.cpp">
      <Filter>源文件</Filter>
    </ClCompile>
    <ClCompile Include="libgo\netio\windows\unistd.cpp">
      <Filter>源文件</Filter>
    </ClCompile>
    <ClCompile Include="libgo\netio\windows\win_vc_hook.cpp">
      <Filter>源文件</Filter>
    </ClCompile>
    <ClCompile Include="libgo\pool\async_coroutine_pool.cpp">
      <Filter>源文件</Filter>
    </ClCompile>
    <ClCompile Include="libgo\scheduler\processer.cpp">
      <Filter>源文件</Filter>
    </ClCompile>
    <ClCompile Include="libgo\scheduler\scheduler.cpp">
      <Filter>源文件</Filter>
    </ClCompile>
    <ClCompile Include="libgo\sync\co_mutex.cpp">
      <Filter>源文件</Filter>
    </ClCompile>
    <ClCompile Include="libgo\sync\co_rwmutex.cpp">
      <Filter>源文件</Filter>
    </ClCompile>
    <ClCompile Include="libgo\task\task.cpp">
      <Filter>源文件</Filter>
    </ClCompile>
    <ClCompile Include="libgo\timer\timer.cpp">
      <Filter>源文件</Filter>
    </ClCompile>
  </ItemGroup>
  <ItemGroup>
    <ClInclude Include="libgo\cls\co_local_storage.h">
      <Filter>头文件</Filter>
    </ClInclude>
    <ClInclude Include="libgo\common\error.h">
      <Filter>头文件</Filter>
    </ClInclude>
    <ClInclude Include="libgo\context\fcontext.h">
      <Filter>头文件</Filter>
    </ClInclude>
    <ClInclude Include="libgo\debug\debugger.h">
      <Filter>头文件</Filter>
    </ClInclude>
    <ClInclude Include="libgo\defer\defer.h">
      <Filter>头文件</Filter>
    </ClInclude>
    <ClInclude Include="libgo\netio\windows\xhook\xhook.h">
      <Filter>头文件</Filter>
    </ClInclude>
    <ClInclude Include="libgo\netio\windows\reactor.h">
      <Filter>头文件</Filter>
    </ClInclude>
    <ClInclude Include="libgo\netio\windows\unistd.h">
      <Filter>头文件</Filter>
    </ClInclude>
    <ClInclude Include="libgo\netio\windows\win_vc_hook.h">
      <Filter>头文件</Filter>
    </ClInclude>
    <ClInclude Include="libgo\pool\async_coroutine_pool.h">
      <Filter>头文件</Filter>
    </ClInclude>
    <ClInclude Include="libgo\scheduler\processer.h">
      <Filter>头文件</Filter>
    </ClInclude>
    <ClInclude Include="libgo\scheduler\scheduler.h">
      <Filter>头文件</Filter>
    </ClInclude>
    <ClInclude Include="libgo\sync\co_mutex.h">
      <Filter>头文件</Filter>
    </ClInclude>
    <ClInclude Include="libgo\sync\co_rwmutex.h">
      <Filter>头文件</Filter>
    </ClInclude>
    <ClInclude Include="libgo\task\task.h">
      <Filter>头文件</Filter>
    </ClInclude>
    <ClInclude Include="libgo\timer\timer.h">
      <Filter>头文件</Filter>
    </ClInclude>
    <ClInclude Include="libgo\libgo.h">
      <Filter>头文件</Filter>
    </ClInclude>
    <ClInclude Include="libgo\common\config.h">
      <Filter>头文件</Filter>
    </ClInclude>
  </ItemGroup>
</Project>